{
  "name": "flow-work",
  "version": "0.0.0",
  "lockfileVersion": 1,
  "requires": true,
  "dependencies": {
    "@esbuild/linux-loong64": {
      "version": "0.14.54",
      "resolved": "http://npm.devops.xiaohongshu.com:7001/@esbuild/linux-loong64/download/@esbuild/linux-loong64-0.14.54.tgz",
      "integrity": "sha1-3ipL5ni9TQ0f+7hubed5zeWZkCg=",
      "dev": true,
      "optional": true
    },
    "esbuild": {
      "version": "0.14.54",
      "resolved": "http://npm.devops.xiaohongshu.com:7001/esbuild/download/esbuild-0.14.54.tgz",
      "integrity": "sha1-i0Tc8rDxpm/CJFmUPcz0d1NemqI=",
      "dev": true,
      "requires": {
        "@esbuild/linux-loong64": "0.14.54",
        "esbuild-android-64": "0.14.54",
        "esbuild-android-arm64": "0.14.54",
        "esbuild-darwin-64": "0.14.54",
        "esbuild-darwin-arm64": "0.14.54",
        "esbuild-freebsd-64": "0.14.54",
        "esbuild-freebsd-arm64": "0.14.54",
        "esbuild-linux-32": "0.14.54",
        "esbuild-linux-64": "0.14.54",
        "esbuild-linux-arm": "0.14.54",
        "esbuild-linux-arm64": "0.14.54",
        "esbuild-linux-mips64le": "0.14.54",
        "esbuild-linux-ppc64le": "0.14.54",
        "esbuild-linux-riscv64": "0.14.54",
        "esbuild-linux-s390x": "0.14.54",
        "esbuild-netbsd-64": "0.14.54",
        "esbuild-openbsd-64": "0.14.54",
        "esbuild-sunos-64": "0.14.54",
        "esbuild-windows-32": "0.14.54",
        "esbuild-windows-64": "0.14.54",
        "esbuild-windows-arm64": "0.14.54"
      }
    },
    "esbuild-android-64": {
      "version": "0.14.54",
      "resolved": "http://npm.devops.xiaohongshu.com:7001/esbuild-android-64/download/esbuild-android-64-0.14.54.tgz",
      "integrity": "sha1-UF9BgyiEMTu6/7J3BLi8qi2GFr4=",
      "dev": true,
      "optional": true
    },
    "esbuild-android-arm64": {
      "version": "0.14.54",
      "resolved": "http://npm.devops.xiaohongshu.com:7001/esbuild-android-arm64/download/esbuild-android-arm64-0.14.54.tgz",
      "integrity": "sha1-jOadfKuklkbgCZaP5XVKIamHF3E=",
      "dev": true,
      "optional": true
    },
    "esbuild-darwin-64": {
      "version": "0.14.54",
      "resolved": "http://npm.devops.xiaohongshu.com:7001/esbuild-darwin-64/download/esbuild-darwin-64-0.14.54.tgz",
      "integrity": "sha1-JLpnuajLiQo8CNkBj4h8wiHN2iU=",
      "dev": true,
      "optional": true
    },
    "esbuild-darwin-arm64": {
      "version": "0.14.54",
      "resolved": "http://npm.devops.xiaohongshu.com:7001/esbuild-darwin-arm64/download/esbuild-darwin-arm64-0.14.54.tgz",
      "integrity": "sha1-P3zbeIiO4F5IjSUKK9qrH6Zxv3M=",
      "dev": true,
      "optional": true
    },
    "esbuild-freebsd-64": {
      "version": "0.14.54",
      "resolved": "http://npm.devops.xiaohongshu.com:7001/esbuild-freebsd-64/download/esbuild-freebsd-64-0.14.54.tgz",
      "integrity": "sha1-CSUPmXpW7UZQ8+GXnJBf/EC76U0=",
      "dev": true,
      "optional": true
    },
    "esbuild-freebsd-arm64": {
      "version": "0.14.54",
      "resolved": "http://npm.devops.xiaohongshu.com:7001/esbuild-freebsd-arm64/download/esbuild-freebsd-arm64-0.14.54.tgz",
      "integrity": "sha1-uvtG7QT8X5fL2wFthpR6eVefjkg=",
      "dev": true,
      "optional": true
    },
    "esbuild-linux-32": {
      "version": "0.14.54",
      "resolved": "http://npm.devops.xiaohongshu.com:7001/esbuild-linux-32/download/esbuild-linux-32-0.14.54.tgz",
      "integrity": "sha1-4qjEqO/cNVQFMlAz/OvrlB94H+U=",
      "dev": true,
      "optional": true
    },
    "esbuild-linux-64": {
      "version": "0.14.54",
      "resolved": "http://npm.devops.xiaohongshu.com:7001/esbuild-linux-64/download/esbuild-linux-64-0.14.54.tgz",
      "integrity": "sha1-3l/boclWZs9yNp9StAsDvnEiZlI=",
      "dev": true,
      "optional": true
    },
    "esbuild-linux-arm": {
      "version": "0.14.54",
      "resolved": "http://npm.devops.xiaohongshu.com:7001/esbuild-linux-arm/download/esbuild-linux-arm-0.14.54.tgz",
      "integrity": "sha1-osHf9tDyHb6PxpmKEiZ1Uz3fzVk=",
      "dev": true,
      "optional": true
    },
    "esbuild-linux-arm64": {
      "version": "0.14.54",
      "resolved": "http://npm.devops.xiaohongshu.com:7001/esbuild-linux-arm64/download/esbuild-linux-arm64-0.14.54.tgz",
      "integrity": "sha1-2uTNQq6Xh0aLalwVjaTIToOwzos=",
      "dev": true,
      "optional": true
    },
    "esbuild-linux-mips64le": {
      "version": "0.14.54",
      "resolved": "http://npm.devops.xiaohongshu.com:7001/esbuild-linux-mips64le/download/esbuild-linux-mips64le-0.14.54.tgz",
      "integrity": "sha1-2ZGOnky5cvjW2ujoZVv57hMe2jQ=",
      "dev": true,
      "optional": true
    },
    "esbuild-linux-ppc64le": {
      "version": "0.14.54",
      "resolved": "http://npm.devops.xiaohongshu.com:7001/esbuild-linux-ppc64le/download/esbuild-linux-ppc64le-0.14.54.tgz",
      "integrity": "sha1-P5oPbUEHP7GmQGgIRcfeUplfE34=",
      "dev": true,
      "optional": true
    },
    "esbuild-linux-riscv64": {
      "version": "0.14.54",
      "resolved": "http://npm.devops.xiaohongshu.com:7001/esbuild-linux-riscv64/download/esbuild-linux-riscv64-0.14.54.tgz",
      "integrity": "sha1-YYhTwCgXimGDe8eZ0gE9RpXkUcg=",
      "dev": true,
      "optional": true
    },
    "esbuild-linux-s390x": {
      "version": "0.14.54",
      "resolved": "http://npm.devops.xiaohongshu.com:7001/esbuild-linux-s390x/download/esbuild-linux-s390x-0.14.54.tgz",
      "integrity": "sha1-0YhcTFp2u7Wg/hguLIxg654p8qY=",
      "dev": true,
      "optional": true
    },
    "esbuild-netbsd-64": {
      "version": "0.14.54",
      "resolved": "http://npm.devops.xiaohongshu.com:7001/esbuild-netbsd-64/download/esbuild-netbsd-64-0.14.54.tgz",
      "integrity": "sha1-aa6Rei/yQbffHb8iuvBL0zA0noE=",
      "dev": true,
      "optional": true
    },
    "esbuild-openbsd-64": {
      "version": "0.14.54",
      "resolved": "http://npm.devops.xiaohongshu.com:7001/esbuild-openbsd-64/download/esbuild-openbsd-64-0.14.54.tgz",
      "integrity": "sha1-20yElSh6NQpnkN4i7eokelfF1Hs=",
      "dev": true,
      "optional": true
    },
    "esbuild-sunos-64": {
      "version": "0.14.54",
      "resolved": "http://npm.devops.xiaohongshu.com:7001/esbuild-sunos-64/download/esbuild-sunos-64-0.14.54.tgz",
      "integrity": "sha1-VCh+49pz04RLchwhvIDB3H4b99o=",
      "dev": true,
      "optional": true
    },
    "esbuild-windows-32": {
      "version": "0.14.54",
      "resolved": "http://npm.devops.xiaohongshu.com:7001/esbuild-windows-32/download/esbuild-windows-32-0.14.54.tgz",
      "integrity": "sha1-+Kr5pWZ2MLQPD7OqN78Bu9NAzjE=",
      "dev": true,
      "optional": true
    },
    "esbuild-windows-64": {
      "version": "0.14.54",
      "resolved": "http://npm.devops.xiaohongshu.com:7001/esbuild-windows-64/download/esbuild-windows-64-0.14.54.tgz",
      "integrity": "sha1-v1S1G9PpsPGIb/2yJKQXYDHqCvQ=",
      "dev": true,
      "optional": true
    },
    "esbuild-windows-arm64": {
      "version": "0.14.54",
      "resolved": "http://npm.devops.xiaohongshu.com:7001/esbuild-windows-arm64/download/esbuild-windows-arm64-0.14.54.tgz",
      "integrity": "sha1-k30VZ1oV5LDk+v26o6Aad2or6YI=",
      "dev": true,
      "optional": true
    },
    "fsevents": {
      "version": "2.3.2",
      "resolved": "http://npm.devops.xiaohongshu.com:7001/fsevents/download/fsevents-2.3.2.tgz",
      "integrity": "sha1-ilJveLj99GI7cJ4Ll1xSwkwC/Ro=",
      "dev": true,
      "optional": true
    },
    "function-bind": {
      "version": "1.1.1",
      "resolved": "http://npm.devops.xiaohongshu.com:7001/function-bind/download/function-bind-1.1.1.tgz",
      "integrity": "sha1-pWiZ0+o8m6uHS7l3O3xe3pL0iV0=",
      "dev": true
    },
    "has": {
      "version": "1.0.3",
      "resolved": "http://npm.devops.xiaohongshu.com:7001/has/download/has-1.0.3.tgz",
      "integrity": "sha1-ci18v8H2qoJB8W3YFOAR4fQeh5Y=",
      "dev": true,
      "requires": {
        "function-bind": "^1.1.1"
      }
    },
    "is-core-module": {
      "version": "2.11.0",
      "resolved": "http://npm.devops.xiaohongshu.com:7001/is-core-module/download/is-core-module-2.11.0.tgz",
      "integrity": "sha1-rUyz44Y+gUUjyW8/WNJsxXD/AUQ=",
      "dev": true,
      "requires": {
        "has": "^1.0.3"
      }
    },
    "nanoid": {
      "version": "3.3.4",
      "resolved": "http://npm.devops.xiaohongshu.com:7001/nanoid/download/nanoid-3.3.4.tgz",
      "integrity": "sha1-cwtn480J4t6s8DwCfIHJ2dvF6Ks=",
      "dev": true
    },
    "path-parse": {
      "version": "1.0.7",
      "resolved": "http://npm.devops.xiaohongshu.com:7001/path-parse/download/path-parse-1.0.7.tgz",
      "integrity": "sha1-+8EUtgykKzDZ2vWFjkvWi77bZzU=",
      "dev": true
    },
    "picocolors": {
      "version": "1.0.0",
      "resolved": "http://npm.devops.xiaohongshu.com:7001/picocolors/download/picocolors-1.0.0.tgz",
      "integrity": "sha1-y1vcdP8/UYkiNur3nWi8RFZKuBw=",
      "dev": true
    },
    "postcss": {
      "version": "8.4.21",
      "resolved": "http://npm.devops.xiaohongshu.com:7001/postcss/download/postcss-8.4.21.tgz",
      "integrity": "sha1-xjm3GaV+/DGHsToddlZ1SF9BNPQ=",
      "dev": true,
      "requires": {
        "nanoid": "^3.3.4",
        "picocolors": "^1.0.0",
        "source-map-js": "^1.0.2"
      }
    },
    "resolve": {
      "version": "1.22.1",
      "resolved": "http://npm.devops.xiaohongshu.com:7001/resolve/download/resolve-1.22.1.tgz",
      "integrity": "sha1-J8suu1P5GrtJRwqSi7p1WAZqwXc=",
      "dev": true,
      "requires": {
        "is-core-module": "^2.9.0",
        "path-parse": "^1.0.7",
        "supports-preserve-symlinks-flag": "^1.0.0"
      }
    },
    "rollup": {
      "version": "2.77.3",
      "resolved": "http://npm.devops.xiaohongshu.com:7001/rollup/download/rollup-2.77.3.tgz",
      "integrity": "sha1-jwBBjTonQANuFd62U77RqQ7gzBI=",
      "dev": true,
      "requires": {
        "fsevents": "~2.3.2"
      }
    },
    "source-map-js": {
      "version": "1.0.2",
      "resolved": "http://npm.devops.xiaohongshu.com:7001/source-map-js/download/source-map-js-1.0.2.tgz",
      "integrity": "sha1-rbw2HZxi3zgBJefxYfccgm8eSQw=",
      "dev": true
    },
    "supports-preserve-symlinks-flag": {
      "version": "1.0.0",
      "resolved": "http://npm.devops.xiaohongshu.com:7001/supports-preserve-symlinks-flag/download/supports-preserve-symlinks-flag-1.0.0.tgz",
      "integrity": "sha1-btpL00SjyUrqN21MwxvHcxEDngk=",
      "dev": true
    },
    "typescript": {
      "version": "4.9.5",
      "resolved": "http://npm.devops.xiaohongshu.com:7001/typescript/download/typescript-4.9.5.tgz",
      "integrity": "sha1-CVl5+bzA0J2jJNWNA86Pg3TL5lo=",
      "dev": true
    },
    "vite": {
      "version": "2.9.15",
      "resolved": "http://npm.devops.xiaohongshu.com:7001/vite/download/vite-2.9.15.tgz",
      "integrity": "sha1-KFjdWyviaqOUooPmIyQoGJJUbws=",
      "dev": true,
      "requires": {
        "esbuild": "^0.14.27",
        "fsevents": "~2.3.2",
        "postcss": "^8.4.13",
        "resolve": "^1.22.0",
        "rollup": ">=2.59.0 <2.78.0"
      }
    }
  }
}
